// !$*UTF8*$!
{
	archiveVersion = 1;
	classes = {
	};
	objectVersion = 50;
	objects = {

/* Begin PBXBuildFile section */
		1FAE70D92508D51F009949D9 /* AppDelegate.swift in Sources */ = {isa = PBXBuildFile; fileRef = 1FAE70D82508D51F009949D9 /* AppDelegate.swift */; };
		1FAE70DB2508D51F009949D9 /* SceneDelegate.swift in Sources */ = {isa = PBXBuildFile; fileRef = 1FAE70DA2508D51F009949D9 /* SceneDelegate.swift */; };
		1FAE70E02508D51F009949D9 /* Main.storyboard in Resources */ = {isa = PBXBuildFile; fileRef = 1FAE70DE2508D51F009949D9 /* Main.storyboard */; };
		1FAE70E22508D520009949D9 /* Assets.xcassets in Resources */ = {isa = PBXBuildFile; fileRef = 1FAE70E12508D520009949D9 /* Assets.xcassets */; };
		1FAE70E52508D520009949D9 /* LaunchScreen.storyboard in Resources */ = {isa = PBXBuildFile; fileRef = 1FAE70E32508D520009949D9 /* LaunchScreen.storyboard */; };
		1FAE70ED25093D1F009949D9 /* ContactsTableViewController.swift in Sources */ = {isa = PBXBuildFile; fileRef = 1FAE70EC25093D1F009949D9 /* ContactsTableViewController.swift */; };
		1FAE70F02509408D009949D9 /* Person.swift in Sources */ = {isa = PBXBuildFile; fileRef = 1FAE70EF2509408D009949D9 /* Person.swift */; };
		1FAE70F22509433F009949D9 /* DataManager.swift in Sources */ = {isa = PBXBuildFile; fileRef = 1FAE70F12509433F009949D9 /* DataManager.swift */; };
		1FAE70F425095CBD009949D9 /* DetailedViewController.swift in Sources */ = {isa = PBXBuildFile; fileRef = 1FAE70F325095CBD009949D9 /* DetailedViewController.swift */; };
		1FAE70F825096318009949D9 /* MainTabBarController.swift in Sources */ = {isa = PBXBuildFile; fileRef = 1FAE70F725096318009949D9 /* MainTabBarController.swift */; };
		1FAE70FA2509644B009949D9 /* GroupedContactsTableViewController.swift in Sources */ = {isa = PBXBuildFile; fileRef = 1FAE70F92509644B009949D9 /* GroupedContactsTableViewController.swift */; };
/* End PBXBuildFile section */

/* Begin PBXFileReference section */
		1FAE70D52508D51F009949D9 /* PersonsListApp.app */ = {isa = PBXFileReference; explicitFileType = wrapper.application; includeInIndex = 0; path = PersonsListApp.app; sourceTree = BUILT_PRODUCTS_DIR; };
		1FAE70D82508D51F009949D9 /* AppDelegate.swift */ = {isa = PBXFileReference; lastKnownFileType = sourcecode.swift; path = AppDelegate.swift; sourceTree = "<group>"; };
		1FAE70DA2508D51F009949D9 /* SceneDelegate.swift */ = {isa = PBXFileReference; lastKnownFileType = sourcecode.swift; path = SceneDelegate.swift; sourceTree = "<group>"; };
		1FAE70DF2508D51F009949D9 /* Base */ = {isa = PBXFileReference; lastKnownFileType = file.storyboard; name = Base; path = Base.lproj/Main.storyboard; sourceTree = "<group>"; };
		1FAE70E12508D520009949D9 /* Assets.xcassets */ = {isa = PBXFileReference; lastKnownFileType = folder.assetcatalog; path = Assets.xcassets; sourceTree = "<group>"; };
		1FAE70E42508D520009949D9 /* Base */ = {isa = PBXFileReference; lastKnownFileType = file.storyboard; name = Base; path = Base.lproj/LaunchScreen.storyboard; sourceTree = "<group>"; };
		1FAE70E62508D520009949D9 /* Info.plist */ = {isa = PBXFileReference; lastKnownFileType = text.plist.xml; path = Info.plist; sourceTree = "<group>"; };
		1FAE70EC25093D1F009949D9 /* ContactsTableViewController.swift */ = {isa = PBXFileReference; lastKnownFileType = sourcecode.swift; path = ContactsTableViewController.swift; sourceTree = "<group>"; };
		1FAE70EF2509408D009949D9 /* Person.swift */ = {isa = PBXFileReference; lastKnownFileType = sourcecode.swift; path = Person.swift; sourceTree = "<group>"; };
		1FAE70F12509433F009949D9 /* DataManager.swift */ = {isa = PBXFileReference; lastKnownFileType = sourcecode.swift; path = DataManager.swift; sourceTree = "<group>"; };
		1FAE70F325095CBD009949D9 /* DetailedViewController.swift */ = {isa = PBXFileReference; lastKnownFileType = sourcecode.swift; path = DetailedViewController.swift; sourceTree = "<group>"; };
		1FAE70F725096318009949D9 /* MainTabBarController.swift */ = {isa = PBXFileReference; lastKnownFileType = sourcecode.swift; path = MainTabBarController.swift; sourceTree = "<group>"; };
		1FAE70F92509644B009949D9 /* GroupedContactsTableViewController.swift */ = {isa = PBXFileReference; lastKnownFileType = sourcecode.swift; path = GroupedContactsTableViewController.swift; sourceTree = "<group>"; };
/* End PBXFileReference section */

/* Begin PBXFrameworksBuildPhase section */
		1FAE70D22508D51F009949D9 /* Frameworks */ = {
			isa = PBXFrameworksBuildPhase;
			buildActionMask = 2147483647;
			files = (
			);
			runOnlyForDeploymentPostprocessing = 0;
		};
/* End PBXFrameworksBuildPhase section */

/* Begin PBXGroup section */
		1FAE70CC2508D51F009949D9 = {
			isa = PBXGroup;
			children = (
				1FAE70D72508D51F009949D9 /* PersonsListApp */,
				1FAE70D62508D51F009949D9 /* Products */,
			);
			sourceTree = "<group>";
		};
		1FAE70D62508D51F009949D9 /* Products */ = {
			isa = PBXGroup;
			children = (
				1FAE70D52508D51F009949D9 /* PersonsListApp.app */,
			);
			name = Products;
			sourceTree = "<group>";
		};
		1FAE70D72508D51F009949D9 /* PersonsListApp */ = {
			isa = PBXGroup;
			children = (
				1FAE70FC25096DB2009949D9 /* Manager */,
				1FAE70FB25096CF1009949D9 /* Model */,
				1FAE70EE25094075009949D9 /* View */,
				1FAE70D82508D51F009949D9 /* AppDelegate.swift */,
				1FAE70DA2508D51F009949D9 /* SceneDelegate.swift */,
				1FAE70DE2508D51F009949D9 /* Main.storyboard */,
				1FAE70E12508D520009949D9 /* Assets.xcassets */,
				1FAE70E32508D520009949D9 /* LaunchScreen.storyboard */,
				1FAE70E62508D520009949D9 /* Info.plist */,
			);
			path = PersonsListApp;
			sourceTree = "<group>";
		};
		1FAE70EE25094075009949D9 /* View */ = {
			isa = PBXGroup;
			children = (
				1FAE70EC25093D1F009949D9 /* ContactsTableViewController.swift */,
				1FAE70F325095CBD009949D9 /* DetailedViewController.swift */,
				1FAE70F725096318009949D9 /* MainTabBarController.swift */,
				1FAE70F92509644B009949D9 /* GroupedContactsTableViewController.swift */,
			);
			path = View;
			sourceTree = "<group>";
		};
		1FAE70FB25096CF1009949D9 /* Model */ = {
			isa = PBXGroup;
			children = (
				1FAE70EF2509408D009949D9 /* Person.swift */,
			);
			path = Model;
			sourceTree = "<group>";
		};
		1FAE70FC25096DB2009949D9 /* Manager */ = {
			isa = PBXGroup;
			children = (
				1FAE70F12509433F009949D9 /* DataManager.swift */,
			);
			path = Manager;
			sourceTree = "<group>";
		};
/* End PBXGroup section */

/* Begin PBXNativeTarget section */
		1FAE70D42508D51F009949D9 /* PersonsListApp */ = {
			isa = PBXNativeTarget;
			buildConfigurationList = 1FAE70E92508D520009949D9 /* Build configuration list for PBXNativeTarget "PersonsListApp" */;
			buildPhases = (
				1FAE70D12508D51F009949D9 /* Sources */,
				1FAE70D22508D51F009949D9 /* Frameworks */,
				1FAE70D32508D51F009949D9 /* Resources */,
			);
			buildRules = (
			);
			dependencies = (
			);
			name = PersonsListApp;
			productName = PersonsListApp;
			productReference = 1FAE70D52508D51F009949D9 /* PersonsListApp.app */;
			productType = "com.apple.product-type.application";
		};
/* End PBXNativeTarget section */

/* Begin PBXProject section */
		1FAE70CD2508D51F009949D9 /* Project object */ = {
			isa = PBXProject;
			attributes = {
				LastSwiftUpdateCheck = 1170;
				LastUpgradeCheck = 1170;
				ORGANIZATIONNAME = "Aleksandr Lukash";
				TargetAttributes = {
					1FAE70D42508D51F009949D9 = {
						CreatedOnToolsVersion = 11.7;
					};
				};
			};
			buildConfigurationList = 1FAE70D02508D51F009949D9 /* Build configuration list for PBXProject "PersonsListApp" */;
			compatibilityVersion = "Xcode 9.3";
			developmentRegion = en;
			hasScannedForEncodings = 0;
			knownRegions = (
				en,
				Base,
			);
			mainGroup = 1FAE70CC2508D51F009949D9;
			productRefGroup = 1FAE70D62508D51F009949D9 /* Products */;
			projectDirPath = "";
			projectRoot = "";
			targets = (
				1FAE70D42508D51F009949D9 /* PersonsListApp */,
			);
		};
/* End PBXProject section */

/* Begin PBXResourcesBuildPhase section */
		1FAE70D32508D51F009949D9 /* Resources */ = {
			isa = PBXResourcesBuildPhase;
			buildActionMask = 2147483647;
			files = (
				1FAE70E52508D520009949D9 /* LaunchScreen.storyboard in Resources */,
				1FAE70E22508D520009949D9 /* Assets.xcassets in Resources */,
				1FAE70E02508D51F009949D9 /* Main.storyboard in Resources */,
			);
			runOnlyForDeploymentPostprocessing = 0;
		};
/* End PBXResourcesBuildPhase section */

/* Begin PBXSourcesBuildPhase section */
		1FAE70D12508D51F009949D9 /* Sources */ = {
			isa = PBXSourcesBuildPhase;
			buildActionMask = 2147483647;
			files = (
				1FAE70D92508D51F009949D9 /* AppDelegate.swift in Sources */,
				1FAE70F22509433F009949D9 /* DataManager.swift in Sources */,
				1FAE70F425095CBD009949D9 /* DetailedViewController.swift in Sources */,
				1FAE70F825096318009949D9 /* MainTabBarController.swift in Sources */,
				1FAE70DB2508D51F009949D9 /* SceneDelegate.swift in Sources */,
				1FAE70F02509408D009949D9 /* Person.swift in Sources */,
				1FAE70ED25093D1F009949D9 /* ContactsTableViewController.swift in Sources */,
				1FAE70FA2509644B009949D9 /* GroupedContactsTableViewController.swift in Sources */,
			);
			runOnlyForDeploymentPostprocessing = 0;
		};
/* End PBXSourcesBuildPhase section */

/* Begin PBXVariantGroup section */
		1FAE70DE2508D51F009949D9 /* Main.storyboard */ = {
			isa = PBXVariantGroup;
			children = (
				1FAE70DF2508D51F009949D9 /* Base */,
			);
			name = Main.storyboard;
			sourceTree = "<group>";
		};
		1FAE70E32508D520009949D9 /* LaunchScreen.storyboard */ = {
			isa = PBXVariantGroup;
			children = (
				1FAE70E42508D520009949D9 /* Base */,
			);
			name = LaunchScreen.storyboard;
			sourceTree = "<group>";
		};
/* End PBXVariantGroup section */

/* Begin XCBuildConfiguration section */
		1FAE70E72508D520009949D9 /* Debug */ = {
			isa = XCBuildConfiguration;
			buildSettings = {
				ALWAYS_SEARCH_USER_PATHS = NO;
				CLANG_ANALYZER_NONNULL = YES;
				CLANG_ANALYZER_NUMBER_OBJECT_CONVERSION = YES_AGGRESSIVE;
				CLANG_CXX_LANGUAGE_STANDARD = "gnu++14";
				CLANG_CXX_LIBRARY = "libc++";
				CLANG_ENABLE_MODULES = YES;
				CLANG_ENABLE_OBJC_ARC = YES;
				CLANG_ENABLE_OBJC_WEAK = YES;
				CLANG_WARN_BLOCK_CAPTURE_AUTORELEASING = YES;
				CLANG_WARN_BOOL_CONVERSION = YES;
				CLANG_WARN_COMMA = YES;
				CLANG_WARN_CONSTANT_CONVERSION = YES;
				CLANG_WARN_DEPRECATED_OBJC_IMPLEMENTATIONS = YES;
				CLANG_WARN_DIRECT_OBJC_ISA_USAGE = YES_ERROR;
				CLANG_WARN_DOCUMENTATION_COMMENTS = YES;
				CLANG_WARN_EMPTY_BODY = YES;
				CLANG_WARN_ENUM_CONVERSION = YES;
				CLANG_WARN_INFINITE_RECURSION = YES;
				CLANG_WARN_INT_CONVERSION = YES;
				CLANG_WARN_NON_LITERAL_NULL_CONVERSION = YES;
				CLANG_WARN_OBJC_IMPLICIT_RETAIN_SELF = YES;
				CLANG_WARN_OBJC_LITERAL_CONVERSION = YES;
				CLANG_WARN_OBJC_ROOT_CLASS = YES_ERROR;
				CLANG_WARN_RANGE_LOOP_ANALYSIS = YES;
				CLANG_WARN_STRICT_PROTOTYPES = YES;
				CLANG_WARN_SUSPICIOUS_MOVE = YES;
				CLANG_WARN_UNGUARDED_AVAILABILITY = YES_AGGRESSIVE;
				CLANG_WARN_UNREACHABLE_CODE = YES;
				CLANG_WARN__DUPLICATE_METHOD_MATCH = YES;
				COPY_PHASE_STRIP = NO;
				DEBUG_INFORMATION_FORMAT = dwarf;
				ENABLE_STRICT_OBJC_MSGSEND = YES;
				ENABLE_TESTABILITY = YES;
				GCC_C_LANGUAGE_STANDARD = gnu11;
				GCC_DYNAMIC_NO_PIC = NO;
				GCC_NO_COMMON_BLOCKS = YES;
				GCC_OPTIMIZATION_LEVEL = 0;
				GCC_PREPROCESSOR_DEFINITIONS = (
					"DEBUG=1",
					"$(inherited)",
				);
				GCC_WARN_64_TO_32_BIT_CONVERSION = YES;
				GCC_WARN_ABOUT_RETURN_TYPE = YES_ERROR;
				GCC_WARN_UNDECLARED_SELECTOR = YES;
				GCC_WARN_UNINITIALIZED_AUTOS = YES_AGGRESSIVE;
				GCC_WARN_UNUSED_FUNCTION = YES;
				GCC_WARN_UNUSED_VARIABLE = YES;
				IPHONEOS_DEPLOYMENT_TARGET = 13.7;
				MTL_ENABLE_DEBUG_INFO = INCLUDE_SOURCE;
				MTL_FAST_MATH = YES;
				ONLY_ACTIVE_ARCH = YES;
				SDKROOT = iphoneos;
				SWIFT_ACTIVE_COMPILATION_CONDITIONS = DEBUG;
				SWIFT_OPTIMIZATION_LEVEL = "-Onone";
			};
			name = Debug;
		};
		1FAE70E82508D520009949D9 /* Release */ = {
			isa = XCBuildConfiguration;
			buildSettings = {
				ALWAYS_SEARCH_USER_PATHS = NO;
				CLANG_ANALYZER_NONNULL = YES;
				CLANG_ANALYZER_NUMBER_OBJECT_CONVERSION = YES_AGGRESSIVE;
				CLANG_CXX_LANGUAGE_STANDARD = "gnu++14";
				CLANG_CXX_LIBRARY = "libc++";
				CLANG_ENABLE_MODULES = YES;
				CLANG_ENABLE_OBJC_ARC = YES;
				CLANG_ENABLE_OBJC_WEAK = YES;
				CLANG_WARN_BLOCK_CAPTURE_AUTORELEASING = YES;
				CLANG_WARN_BOOL_CONVERSION = YES;
				CLANG_WARN_COMMA = YES;
				CLANG_WARN_CONSTANT_CONVERSION = YES;
				CLANG_WARN_DEPRECATED_OBJC_IMPLEMENTATIONS = YES;
				CLANG_WARN_DIRECT_OBJC_ISA_USAGE = YES_ERROR;
				CLANG_WARN_DOCUMENTATION_COMMENTS = YES;
				CLANG_WARN_EMPTY_BODY = YES;
				CLANG_WARN_ENUM_CONVERSION = YES;
				CLANG_WARN_INFINITE_RECURSION = YES;
				CLANG_WARN_INT_CONVERSION = YES;
				CLANG_WARN_NON_LITERAL_NULL_CONVERSION = YES;
				CLANG_WARN_OBJC_IMPLICIT_RETAIN_SELF = YES;
				CLANG_WARN_OBJC_LITERAL_CONVERSION = YES;
				CLANG_WARN_OBJC_ROOT_CLASS = YES_ERROR;
				CLANG_WARN_RANGE_LOOP_ANALYSIS = YES;
				CLANG_WARN_STRICT_PROTOTYPES = YES;
				CLANG_WARN_SUSPICIOUS_MOVE = YES;
				CLANG_WARN_UNGUARDED_AVAILABILITY = YES_AGGRESSIVE;
				CLANG_WARN_UNREACHABLE_CODE = YES;
				CLANG_WARN__DUPLICATE_METHOD_MATCH = YES;
				COPY_PHASE_STRIP = NO;
				DEBUG_INFORMATION_FORMAT = "dwarf-with-dsym";
				ENABLE_NS_ASSERTIONS = NO;
				ENABLE_STRICT_OBJC_MSGSEND = YES;
				GCC_C_LANGUAGE_STANDARD = gnu11;
				GCC_NO_COMMON_BLOCKS = YES;
				GCC_WARN_64_TO_32_BIT_CONVERSION = YES;
				GCC_WARN_ABOUT_RETURN_TYPE = YES_ERROR;
				GCC_WARN_UNDECLARED_SELECTOR = YES;
				GCC_WARN_UNINITIALIZED_AUTOS = YES_AGGRESSIVE;
				GCC_WARN_UNUSED_FUNCTION = YES;
				GCC_WARN_UNUSED_VARIABLE = YES;
				IPHONEOS_DEPLOYMENT_TARGET = 13.7;
				MTL_ENABLE_DEBUG_INFO = NO;
				MTL_FAST_MATH = YES;
				SDKROOT = iphoneos;
				SWIFT_COMPILATION_MODE = wholemodule;
				SWIFT_OPTIMIZATION_LEVEL = "-O";
				VALIDATE_PRODUCT = YES;
			};
			name = Release;
		};
		1FAE70EA2508D520009949D9 /* Debug */ = {
			isa = XCBuildConfiguration;
			buildSettings = {
				ASSETCATALOG_COMPILER_APPICON_NAME = AppIcon;
				CODE_SIGN_STYLE = Automatic;
				DEVELOPMENT_TEAM = LX6Y4EQU3T;
				INFOPLIST_FILE = PersonsListApp/Info.plist;
				LD_RUNPATH_SEARCH_PATHS = (
					"$(inherited)",
					"@executable_path/Frameworks",
				);
				PRODUCT_BUNDLE_IDENTIFIER = com.lukash.personal.PersonsListApp;
				PRODUCT_NAME = "$(TARGET_NAME)";
				SWIFT_VERSION = 5.0;
				TARGETED_DEVICE_FAMILY = "1,2";
			};
			name = Debug;
		};
		1FAE70EB2508D520009949D9 /* Release */ = {
			isa = XCBuildConfiguration;
			buildSettings = {
				ASSETCATALOG_COMPILER_APPICON_NAME = AppIcon;
				CODE_SIGN_STYLE = Automatic;
				DEVELOPMENT_TEAM = LX6Y4EQU3T;
				INFOPLIST_FILE = PersonsListApp/Info.plist;
				LD_RUNPATH_SEARCH_PATHS = (
					"$(inherited)",
					"@executable_path/Frameworks",
				);
				PRODUCT_BUNDLE_IDENTIFIER = com.lukash.personal.PersonsListApp;
				PRODUCT_NAME = "$(TARGET_NAME)";
				SWIFT_VERSION = 5.0;
				TARGETED_DEVICE_FAMILY = "1,2";
			};
			name = Release;
		};
/* End XCBuildConfiguration section */

/* Begin XCConfigurationList section */
		1FAE70D02508D51F009949D9 /* Build configuration list for PBXProject "PersonsListApp" */ = {
			isa = XCConfigurationList;
			buildConfigurations = (
				1FAE70E72508D520009949D9 /* Debug */,
				1FAE70E82508D520009949D9 /* Release */,
			);
			defaultConfigurationIsVisible = 0;
			defaultConfigurationName = Release;
		};
		1FAE70E92508D520009949D9 /* Build configuration list for PBXNativeTarget "PersonsListApp" */ = {
			isa = XCConfigurationList;
			buildConfigurations = (
				1FAE70EA2508D520009949D9 /* Debug */,
				1FAE70EB2508D520009949D9 /* Release */,
			);
			defaultConfigurationIsVisible = 0;
			defaultConfigurationName = Release;
		};
/* End XCConfigurationList section */
	};
	rootObject = 1FAE70CD2508D51F009949D9 /* Project object */;
}
